// !$*UTF8*$!
{
	archiveVersion = 1;
	classes = {
	};
	objectVersion = 50;
	objects = {

/* Begin PBXBuildFile section */
		E48291FB2466C9700C10B09F /* Pods_IOS_Weather.framework in Frameworks */ = {isa = PBXBuildFile; fileRef = 32808A034838F836FD9577C2 /* Pods_IOS_Weather.framework */; };
		FE0E7BCE207705E100952CE4 /* BaseModel.swift in Sources */ = {isa = PBXBuildFile; fileRef = FE0E7BCA207705E000952CE4 /* BaseModel.swift */; };
		FE0E7BCF207705E100952CE4 /* DayWeather.swift in Sources */ = {isa = PBXBuildFile; fileRef = FE0E7BCB207705E100952CE4 /* DayWeather.swift */; };
		FE0E7BD0207705E100952CE4 /* Place.swift in Sources */ = {isa = PBXBuildFile; fileRef = FE0E7BCC207705E100952CE4 /* Place.swift */; };
		FE0E7BD92077061400952CE4 /* APIService.swift in Sources */ = {isa = PBXBuildFile; fileRef = FE0E7BD72077061400952CE4 /* APIService.swift */; };
		FE0E7BDA2077061400952CE4 /* CustomRequestAdapter.swift in Sources */ = {isa = PBXBuildFile; fileRef = FE0E7BD82077061400952CE4 /* CustomRequestAdapter.swift */; };
		FE0E7BDF2077062100952CE4 /* BaseError.swift in Sources */ = {isa = PBXBuildFile; fileRef = FE0E7BDB2077062100952CE4 /* BaseError.swift */; };
		FE0E7BE02077062100952CE4 /* BaseResult.swift in Sources */ = {isa = PBXBuildFile; fileRef = FE0E7BDC2077062100952CE4 /* BaseResult.swift */; };
		FE0E7BE12077062100952CE4 /* ErrorResponse.swift in Sources */ = {isa = PBXBuildFile; fileRef = FE0E7BDD2077062100952CE4 /* ErrorResponse.swift */; };
		FE0E7BE22077062100952CE4 /* BaseRequest.swift in Sources */ = {isa = PBXBuildFile; fileRef = FE0E7BDE2077062100952CE4 /* BaseRequest.swift */; };
		FE0E7BE62077063500952CE4 /* WeatherRequest.swift in Sources */ = {isa = PBXBuildFile; fileRef = FE0E7BE42077063500952CE4 /* WeatherRequest.swift */; };
		FE0E7BE72077063500952CE4 /* WeatherResponse.swift in Sources */ = {isa = PBXBuildFile; fileRef = FE0E7BE52077063500952CE4 /* WeatherResponse.swift */; };
		FE0E7BEC2077102400952CE4 /* Assets.xcassets in Resources */ = {isa = PBXBuildFile; fileRef = FE0E7BEB2077102400952CE4 /* Assets.xcassets */; };
		FE0E7BEE2077150100952CE4 /* Hourly.swift in Sources */ = {isa = PBXBuildFile; fileRef = FE0E7BED2077150100952CE4 /* Hourly.swift */; };
		FE0E7BF02077159700952CE4 /* Daily.swift in Sources */ = {isa = PBXBuildFile; fileRef = FE0E7BEF2077159700952CE4 /* Daily.swift */; };
		FE0E7BF420772B7600952CE4 /* PlaceRepositories.swift in Sources */ = {isa = PBXBuildFile; fileRef = FE0E7BF320772B7500952CE4 /* PlaceRepositories.swift */; };
		FE0E7BFC20772DA900952CE4 /* BaseClassViewController.swift in Sources */ = {isa = PBXBuildFile; fileRef = FE0E7BFB20772DA900952CE4 /* BaseClassViewController.swift */; };
		FE6CA590207E720800E71F87 /* HourWeatherCollectionViewCell.swift in Sources */ = {isa = PBXBuildFile; fileRef = FE6CA58A207E720700E71F87 /* HourWeatherCollectionViewCell.swift */; };
		FE6CA591207E720800E71F87 /* HistoryPlaceViewController.swift in Sources */ = {isa = PBXBuildFile; fileRef = FE6CA58B207E720700E71F87 /* HistoryPlaceViewController.swift */; };
		FE6CA592207E720800E71F87 /* DayWeatherTableViewCell.swift in Sources */ = {isa = PBXBuildFile; fileRef = FE6CA58C207E720700E71F87 /* DayWeatherTableViewCell.swift */; };
		FE6CA593207E720800E71F87 /* PageViewController.swift in Sources */ = {isa = PBXBuildFile; fileRef = FE6CA58D207E720700E71F87 /* PageViewController.swift */; };
		FE6CA594207E720800E71F87 /* SelectePlaceViewController.swift in Sources */ = {isa = PBXBuildFile; fileRef = FE6CA58E207E720700E71F87 /* SelectePlaceViewController.swift */; };
		FE6CA595207E720800E71F87 /* MainViewController.swift in Sources */ = {isa = PBXBuildFile; fileRef = FE6CA58F207E720700E71F87 /* MainViewController.swift */; };
		FE6CA59C207EEE4F00E71F87 /* PlaceDataBase.swift in Sources */ = {isa = PBXBuildFile; fileRef = FE6CA59B207EEE4F00E71F87 /* PlaceDataBase.swift */; };
		FE6CA5B3207F2CE700E71F87 /* URLs.swift in Sources */ = {isa = PBXBuildFile; fileRef = FE6CA5B0207F2CE700E71F87 /* URLs.swift */; };
		FE6CA5B4207F2CE700E71F87 /* Common.swift in Sources */ = {isa = PBXBuildFile; fileRef = FE6CA5B1207F2CE700E71F87 /* Common.swift */; };
		FE6CA5B7208057BD00E71F87 /* CoreData.framework in Frameworks */ = {isa = PBXBuildFile; fileRef = FE6CA5B6208057BD00E71F87 /* CoreData.framework */; };
		FE6CA5BB2080592500E71F87 /* PlaceDatabase.xcdatamodeld in Sources */ = {isa = PBXBuildFile; fileRef = FE6CA5B92080592500E71F87 /* PlaceDatabase.xcdatamodeld */; };
		FE6CA60320805DD700E71F87 /* HandlingWeatherDatabase.swift in Sources */ = {isa = PBXBuildFile; fileRef = FE6CA60220805DD700E71F87 /* HandlingWeatherDatabase.swift */; };
		FE8219C120843C5E00052F50 /* HistoryPlaceTableViewCell.swift in Sources */ = {isa = PBXBuildFile; fileRef = FE8219C020843C5E00052F50 /* HistoryPlaceTableViewCell.swift */; };
		FEC0DE342075BC8F00D66A3F /* AppDelegate.swift in Sources */ = {isa = PBXBuildFile; fileRef = FEC0DE332075BC8F00D66A3F /* AppDelegate.swift */; };
		FEC0DE392075BC8F00D66A3F /* Main.storyboard in Resources */ = {isa = PBXBuildFile; fileRef = FEC0DE372075BC8F00D66A3F /* Main.storyboard */; };
		FEC0DE3E2075BC9100D66A3F /* LaunchScreen.storyboard in Resources */ = {isa = PBXBuildFile; fileRef = FEC0DE3C2075BC9100D66A3F /* LaunchScreen.storyboard */; };
		FEDF7825207B6C0F006949AC /* AlertViewController.swift in Sources */ = {isa = PBXBuildFile; fileRef = FEDF7824207B6C0F006949AC /* AlertViewController.swift */; };
		FEDF7828207C78AC006949AC /* Constant.swift in Sources */ = {isa = PBXBuildFile; fileRef = FEDF7827207C78AC006949AC /* Constant.swift */; };
/* End PBXBuildFile section */

/* Begin PBXFileReference section */
		32808A034838F836FD9577C2 /* Pods_IOS_Weather.framework */ = {isa = PBXFileReference; explicitFileType = wrapper.framework; includeInIndex = 0; path = Pods_IOS_Weather.framework; sourceTree = BUILT_PRODUCTS_DIR; };
		CCC8BA3645CDDC515780D04C /* Pods-IOS_Weather.release.xcconfig */ = {isa = PBXFileReference; includeInIndex = 1; lastKnownFileType = text.xcconfig; name = "Pods-IOS_Weather.release.xcconfig"; path = "Pods/Target Support Files/Pods-IOS_Weather/Pods-IOS_Weather.release.xcconfig"; sourceTree = "<group>"; };
		FE0E7BCA207705E000952CE4 /* BaseModel.swift */ = {isa = PBXFileReference; fileEncoding = 4; lastKnownFileType = sourcecode.swift; path = BaseModel.swift; sourceTree = "<group>"; };
		FE0E7BCB207705E100952CE4 /* DayWeather.swift */ = {isa = PBXFileReference; fileEncoding = 4; lastKnownFileType = sourcecode.swift; path = DayWeather.swift; sourceTree = "<group>"; };
		FE0E7BCC207705E100952CE4 /* Place.swift */ = {isa = PBXFileReference; fileEncoding = 4; lastKnownFileType = sourcecode.swift; path = Place.swift; sourceTree = "<group>"; };
		FE0E7BD72077061400952CE4 /* APIService.swift */ = {isa = PBXFileReference; fileEncoding = 4; lastKnownFileType = sourcecode.swift; name = APIService.swift; path = IOS_Weather/Service/APIService.swift; sourceTree = SOURCE_ROOT; };
		FE0E7BD82077061400952CE4 /* CustomRequestAdapter.swift */ = {isa = PBXFileReference; fileEncoding = 4; lastKnownFileType = sourcecode.swift; name = CustomRequestAdapter.swift; path = IOS_Weather/Service/CustomRequestAdapter.swift; sourceTree = SOURCE_ROOT; };
		FE0E7BDB2077062100952CE4 /* BaseError.swift */ = {isa = PBXFileReference; fileEncoding = 4; lastKnownFileType = sourcecode.swift; name = BaseError.swift; path = Service/BaseError.swift; sourceTree = "<group>"; };
		FE0E7BDC2077062100952CE4 /* BaseResult.swift */ = {isa = PBXFileReference; fileEncoding = 4; lastKnownFileType = sourcecode.swift; name = BaseResult.swift; path = Service/BaseResult.swift; sourceTree = "<group>"; };
		FE0E7BDD2077062100952CE4 /* ErrorResponse.swift */ = {isa = PBXFileReference; fileEncoding = 4; lastKnownFileType = sourcecode.swift; name = ErrorResponse.swift; path = Service/ErrorResponse.swift; sourceTree = "<group>"; };
		FE0E7BDE2077062100952CE4 /* BaseRequest.swift */ = {isa = PBXFileReference; fileEncoding = 4; lastKnownFileType = sourcecode.swift; name = BaseRequest.swift; path = Service/BaseRequest.swift; sourceTree = "<group>"; };
		FE0E7BE42077063500952CE4 /* WeatherRequest.swift */ = {isa = PBXFileReference; fileEncoding = 4; lastKnownFileType = sourcecode.swift; name = WeatherRequest.swift; path = Service/GetWeather/WeatherRequest.swift; sourceTree = "<group>"; };
		FE0E7BE52077063500952CE4 /* WeatherResponse.swift */ = {isa = PBXFileReference; fileEncoding = 4; lastKnownFileType = sourcecode.swift; name = WeatherResponse.swift; path = Service/GetWeather/WeatherResponse.swift; sourceTree = "<group>"; };
		FE0E7BEB2077102400952CE4 /* Assets.xcassets */ = {isa = PBXFileReference; lastKnownFileType = folder.assetcatalog; path = Assets.xcassets; sourceTree = "<group>"; };
		FE0E7BED2077150100952CE4 /* Hourly.swift */ = {isa = PBXFileReference; lastKnownFileType = sourcecode.swift; path = Hourly.swift; sourceTree = "<group>"; };
		FE0E7BEF2077159700952CE4 /* Daily.swift */ = {isa = PBXFileReference; lastKnownFileType = sourcecode.swift; path = Daily.swift; sourceTree = "<group>"; };
		FE0E7BF320772B7500952CE4 /* PlaceRepositories.swift */ = {isa = PBXFileReference; fileEncoding = 4; lastKnownFileType = sourcecode.swift; name = PlaceRepositories.swift; path = IOS_Weather/Respositories/PlaceRepositories.swift; sourceTree = SOURCE_ROOT; };
		FE0E7BFB20772DA900952CE4 /* BaseClassViewController.swift */ = {isa = PBXFileReference; lastKnownFileType = sourcecode.swift; path = BaseClassViewController.swift; sourceTree = "<group>"; };
		FE6CA58A207E720700E71F87 /* HourWeatherCollectionViewCell.swift */ = {isa = PBXFileReference; fileEncoding = 4; lastKnownFileType = sourcecode.swift; path = HourWeatherCollectionViewCell.swift; sourceTree = "<group>"; };
		FE6CA58B207E720700E71F87 /* HistoryPlaceViewController.swift */ = {isa = PBXFileReference; fileEncoding = 4; lastKnownFileType = sourcecode.swift; path = HistoryPlaceViewController.swift; sourceTree = "<group>"; };
		FE6CA58C207E720700E71F87 /* DayWeatherTableViewCell.swift */ = {isa = PBXFileReference; fileEncoding = 4; lastKnownFileType = sourcecode.swift; path = DayWeatherTableViewCell.swift; sourceTree = "<group>"; };
		FE6CA58D207E720700E71F87 /* PageViewController.swift */ = {isa = PBXFileReference; fileEncoding = 4; lastKnownFileType = sourcecode.swift; path = PageViewController.swift; sourceTree = "<group>"; };
		FE6CA58E207E720700E71F87 /* SelectePlaceViewController.swift */ = {isa = PBXFileReference; fileEncoding = 4; lastKnownFileType = sourcecode.swift; path = SelectePlaceViewController.swift; sourceTree = "<group>"; };
		FE6CA58F207E720700E71F87 /* MainViewController.swift */ = {isa = PBXFileReference; fileEncoding = 4; lastKnownFileType = sourcecode.swift; path = MainViewController.swift; sourceTree = "<group>"; };
		FE6CA59B207EEE4F00E71F87 /* PlaceDataBase.swift */ = {isa = PBXFileReference; lastKnownFileType = sourcecode.swift; path = PlaceDataBase.swift; sourceTree = "<group>"; };
		FE6CA5B0207F2CE700E71F87 /* URLs.swift */ = {isa = PBXFileReference; fileEncoding = 4; lastKnownFileType = sourcecode.swift; path = URLs.swift; sourceTree = "<group>"; };
		FE6CA5B1207F2CE700E71F87 /* Common.swift */ = {isa = PBXFileReference; fileEncoding = 4; lastKnownFileType = sourcecode.swift; path = Common.swift; sourceTree = "<group>"; };
		FE6CA5B6208057BD00E71F87 /* CoreData.framework */ = {isa = PBXFileReference; lastKnownFileType = wrapper.framework; name = CoreData.framework; path = System/Library/Frameworks/CoreData.framework; sourceTree = SDKROOT; };
		FE6CA5BA2080592500E71F87 /* PlaceDatabase.xcdatamodel */ = {isa = PBXFileReference; lastKnownFileType = wrapper.xcdatamodel; path = PlaceDatabase.xcdatamodel; sourceTree = "<group>"; };
		FE6CA60220805DD700E71F87 /* HandlingWeatherDatabase.swift */ = {isa = PBXFileReference; lastKnownFileType = sourcecode.swift; path = HandlingWeatherDatabase.swift; sourceTree = "<group>"; };
		FE8219C020843C5E00052F50 /* HistoryPlaceTableViewCell.swift */ = {isa = PBXFileReference; lastKnownFileType = sourcecode.swift; path = HistoryPlaceTableViewCell.swift; sourceTree = "<group>"; };
		FEC0DE302075BC8F00D66A3F /* IOS_Weather.app */ = {isa = PBXFileReference; explicitFileType = wrapper.application; includeInIndex = 0; path = IOS_Weather.app; sourceTree = BUILT_PRODUCTS_DIR; };
		FEC0DE332075BC8F00D66A3F /* AppDelegate.swift */ = {isa = PBXFileReference; lastKnownFileType = sourcecode.swift; path = AppDelegate.swift; sourceTree = "<group>"; };
		FEC0DE382075BC8F00D66A3F /* Base */ = {isa = PBXFileReference; lastKnownFileType = file.storyboard; name = Base; path = Base.lproj/Main.storyboard; sourceTree = "<group>"; };
		FEC0DE3D2075BC9100D66A3F /* Base */ = {isa = PBXFileReference; lastKnownFileType = file.storyboard; name = Base; path = Base.lproj/LaunchScreen.storyboard; sourceTree = "<group>"; };
		FEC0DE3F2075BC9100D66A3F /* Info.plist */ = {isa = PBXFileReference; lastKnownFileType = text.plist.xml; path = Info.plist; sourceTree = "<group>"; };
		FEDF7824207B6C0F006949AC /* AlertViewController.swift */ = {isa = PBXFileReference; fileEncoding = 4; lastKnownFileType = sourcecode.swift; path = AlertViewController.swift; sourceTree = "<group>"; };
		FEDF7827207C78AC006949AC /* Constant.swift */ = {isa = PBXFileReference; lastKnownFileType = sourcecode.swift; path = Constant.swift; sourceTree = "<group>"; };
		FF216A0324F0051ACC3DFE3C /* Pods-IOS_Weather.debug.xcconfig */ = {isa = PBXFileReference; includeInIndex = 1; lastKnownFileType = text.xcconfig; name = "Pods-IOS_Weather.debug.xcconfig"; path = "Pods/Target Support Files/Pods-IOS_Weather/Pods-IOS_Weather.debug.xcconfig"; sourceTree = "<group>"; };
/* End PBXFileReference section */

/* Begin PBXFrameworksBuildPhase section */
		FEC0DE2D2075BC8F00D66A3F /* Frameworks */ = {
			isa = PBXFrameworksBuildPhase;
			buildActionMask = 2147483647;
			files = (
				FE6CA5B7208057BD00E71F87 /* CoreData.framework in Frameworks */,
				E48291FB2466C9700C10B09F /* Pods_IOS_Weather.framework in Frameworks */,
			);
			runOnlyForDeploymentPostprocessing = 0;
		};
/* End PBXFrameworksBuildPhase section */

/* Begin PBXGroup section */
		7BD7A8586D4286647170D148 /* Frameworks */ = {
			isa = PBXGroup;
			children = (
				FE6CA5B6208057BD00E71F87 /* CoreData.framework */,
				32808A034838F836FD9577C2 /* Pods_IOS_Weather.framework */,
			);
			name = Frameworks;
			sourceTree = "<group>";
		};
		EC9F7D1334605A364FF4F409 /* Pods */ = {
			isa = PBXGroup;
			children = (
				FF216A0324F0051ACC3DFE3C /* Pods-IOS_Weather.debug.xcconfig */,
				CCC8BA3645CDDC515780D04C /* Pods-IOS_Weather.release.xcconfig */,
			);
			name = Pods;
			sourceTree = "<group>";
		};
		FE0E7BC1207705BE00952CE4 /* Model */ = {
			isa = PBXGroup;
			children = (
				FE0E7BCA207705E000952CE4 /* BaseModel.swift */,
				FE0E7BCB207705E100952CE4 /* DayWeather.swift */,
				FE0E7BCC207705E100952CE4 /* Place.swift */,
				FE0E7BED2077150100952CE4 /* Hourly.swift */,
				FE0E7BEF2077159700952CE4 /* Daily.swift */,
				FE6CA59B207EEE4F00E71F87 /* PlaceDataBase.swift */,
			);
			path = Model;
			sourceTree = "<group>";
		};
		FE0E7BD5207705F700952CE4 /* Service */ = {
			isa = PBXGroup;
			children = (
				FE0E7BE32077062700952CE4 /* GetWeather */,
				FE0E7BDB2077062100952CE4 /* BaseError.swift */,
				FE0E7BDE2077062100952CE4 /* BaseRequest.swift */,
				FE0E7BDC2077062100952CE4 /* BaseResult.swift */,
				FE0E7BDD2077062100952CE4 /* ErrorResponse.swift */,
				FE0E7BD6207705FE00952CE4 /* API */,
			);
			name = Service;
			sourceTree = "<group>";
		};
		FE0E7BD6207705FE00952CE4 /* API */ = {
			isa = PBXGroup;
			children = (
				FE0E7BD72077061400952CE4 /* APIService.swift */,
				FE0E7BD82077061400952CE4 /* CustomRequestAdapter.swift */,
			);
			path = API;
			sourceTree = "<group>";
		};
		FE0E7BE32077062700952CE4 /* GetWeather */ = {
			isa = PBXGroup;
			children = (
				FE0E7BE42077063500952CE4 /* WeatherRequest.swift */,
				FE0E7BE52077063500952CE4 /* WeatherResponse.swift */,
			);
			name = GetWeather;
			sourceTree = "<group>";
		};
		FE0E7BF620772C2600952CE4 /* Respositories */ = {
			isa = PBXGroup;
			children = (
				FE0E7BF320772B7500952CE4 /* PlaceRepositories.swift */,
			);
			path = Respositories;
			sourceTree = "<group>";
		};
		FE0E7BF920772D3500952CE4 /* Interface */ = {
			isa = PBXGroup;
			children = (
				FEC0DE372075BC8F00D66A3F /* Main.storyboard */,
				FEC0DE3C2075BC9100D66A3F /* LaunchScreen.storyboard */,
			);
			name = Interface;
			sourceTree = "<group>";
		};
		FE0E7BFA20772D8100952CE4 /* BaseClass */ = {
			isa = PBXGroup;
			children = (
				FE0E7BFB20772DA900952CE4 /* BaseClassViewController.swift */,
			);
			path = BaseClass;
			sourceTree = "<group>";
		};
		FE5F85902075BF2800959175 /* Delegate */ = {
			isa = PBXGroup;
			children = (
				FEC0DE332075BC8F00D66A3F /* AppDelegate.swift */,
			);
			name = Delegate;
			sourceTree = "<group>";
		};
		FE6CA589207E71ED00E71F87 /* ViewController */ = {
			isa = PBXGroup;
			children = (
				FE6CA598207E722F00E71F87 /* HistoryViewController */,
				FE6CA597207E721E00E71F87 /* SelectedViewController */,
				FE6CA596207E720B00E71F87 /* HomeViewController */,
				FE6CA58D207E720700E71F87 /* PageViewController.swift */,
			);
			path = ViewController;
			sourceTree = "<group>";
		};
		FE6CA596207E720B00E71F87 /* HomeViewController */ = {
			isa = PBXGroup;
			children = (
				FE6CA58C207E720700E71F87 /* DayWeatherTableViewCell.swift */,
				FE6CA58A207E720700E71F87 /* HourWeatherCollectionViewCell.swift */,
				FE6CA58F207E720700E71F87 /* MainViewController.swift */,
			);
			path = HomeViewController;
			sourceTree = "<group>";
		};
		FE6CA597207E721E00E71F87 /* SelectedViewController */ = {
			isa = PBXGroup;
			children = (
				FE6CA58E207E720700E71F87 /* SelectePlaceViewController.swift */,
			);
			path = SelectedViewController;
			sourceTree = "<group>";
		};
		FE6CA598207E722F00E71F87 /* HistoryViewController */ = {
			isa = PBXGroup;
			children = (
				FE6CA58B207E720700E71F87 /* HistoryPlaceViewController.swift */,
				FE8219C020843C5E00052F50 /* HistoryPlaceTableViewCell.swift */,
			);
			path = HistoryViewController;
			sourceTree = "<group>";
		};
		FE6CA5AF207F2CD500E71F87 /* Ultis */ = {
			isa = PBXGroup;
			children = (
				FE6CA5B1207F2CE700E71F87 /* Common.swift */,
				FE6CA5B0207F2CE700E71F87 /* URLs.swift */,
				FE6CA60220805DD700E71F87 /* HandlingWeatherDatabase.swift */,
			);
			path = Ultis;
			sourceTree = "<group>";
		};
		FEC0DE272075BC8F00D66A3F = {
			isa = PBXGroup;
			children = (
				FEC0DE322075BC8F00D66A3F /* IOS_Weather */,
				FEC0DE312075BC8F00D66A3F /* Products */,
				EC9F7D1334605A364FF4F409 /* Pods */,
				7BD7A8586D4286647170D148 /* Frameworks */,
			);
			sourceTree = "<group>";
		};
		FEC0DE312075BC8F00D66A3F /* Products */ = {
			isa = PBXGroup;
			children = (
				FEC0DE302075BC8F00D66A3F /* IOS_Weather.app */,
			);
			name = Products;
			sourceTree = "<group>";
		};
		FEC0DE322075BC8F00D66A3F /* IOS_Weather */ = {
			isa = PBXGroup;
			children = (
				FE6CA5AF207F2CD500E71F87 /* Ultis */,
				FEDF7826207C7898006949AC /* Constant */,
				FEDF7823207B6C00006949AC /* Extension */,
				FE0E7BFA20772D8100952CE4 /* BaseClass */,
				FE0E7BF920772D3500952CE4 /* Interface */,
				FE0E7BF620772C2600952CE4 /* Respositories */,
				FE0E7BD5207705F700952CE4 /* Service */,
				FE0E7BC1207705BE00952CE4 /* Model */,
				FE5F85902075BF2800959175 /* Delegate */,
				FE6CA589207E71ED00E71F87 /* ViewController */,
				FEC0DE3F2075BC9100D66A3F /* Info.plist */,
				FE0E7BEB2077102400952CE4 /* Assets.xcassets */,
				FE6CA5B92080592500E71F87 /* PlaceDatabase.xcdatamodeld */,
			);
			path = IOS_Weather;
			sourceTree = "<group>";
		};
		FEDF7823207B6C00006949AC /* Extension */ = {
			isa = PBXGroup;
			children = (
				FEDF7824207B6C0F006949AC /* AlertViewController.swift */,
			);
			path = Extension;
			sourceTree = "<group>";
		};
		FEDF7826207C7898006949AC /* Constant */ = {
			isa = PBXGroup;
			children = (
				FEDF7827207C78AC006949AC /* Constant.swift */,
			);
			path = Constant;
			sourceTree = "<group>";
		};
/* End PBXGroup section */

/* Begin PBXNativeTarget section */
		FEC0DE2F2075BC8F00D66A3F /* IOS_Weather */ = {
			isa = PBXNativeTarget;
			buildConfigurationList = FEC0DE422075BC9100D66A3F /* Build configuration list for PBXNativeTarget "IOS_Weather" */;
			buildPhases = (
				BCFB278D36C75F64003B12D6 /* [CP] Check Pods Manifest.lock */,
				FE5F858F2075BEBC00959175 /* ShellScript */,
				FEC0DE2C2075BC8F00D66A3F /* Sources */,
				FEC0DE2D2075BC8F00D66A3F /* Frameworks */,
				FEC0DE2E2075BC8F00D66A3F /* Resources */,
				41FB2747F15A130D0C53DA0A /* [CP] Embed Pods Frameworks */,
				4AB9CDD0199D4E7AA69B9D5E /* [CP] Copy Pods Resources */,
			);
			buildRules = (
			);
			dependencies = (
			);
			name = IOS_Weather;
			productName = IOS_Weather;
			productReference = FEC0DE302075BC8F00D66A3F /* IOS_Weather.app */;
			productType = "com.apple.product-type.application";
		};
/* End PBXNativeTarget section */

/* Begin PBXProject section */
		FEC0DE282075BC8F00D66A3F /* Project object */ = {
			isa = PBXProject;
			attributes = {
				LastSwiftUpdateCheck = 0930;
				LastUpgradeCheck = 0930;
				ORGANIZATIONNAME = ThanhLong;
				TargetAttributes = {
					FEC0DE2F2075BC8F00D66A3F = {
						CreatedOnToolsVersion = 9.3;
					};
				};
			};
			buildConfigurationList = FEC0DE2B2075BC8F00D66A3F /* Build configuration list for PBXProject "IOS_Weather" */;
			compatibilityVersion = "Xcode 9.3";
			developmentRegion = en;
			hasScannedForEncodings = 0;
			knownRegions = (
				en,
				Base,
			);
			mainGroup = FEC0DE272075BC8F00D66A3F;
			productRefGroup = FEC0DE312075BC8F00D66A3F /* Products */;
			projectDirPath = "";
			projectRoot = "";
			targets = (
				FEC0DE2F2075BC8F00D66A3F /* IOS_Weather */,
			);
		};
/* End PBXProject section */

/* Begin PBXResourcesBuildPhase section */
		FEC0DE2E2075BC8F00D66A3F /* Resources */ = {
			isa = PBXResourcesBuildPhase;
			buildActionMask = 2147483647;
			files = (
				FEC0DE3E2075BC9100D66A3F /* LaunchScreen.storyboard in Resources */,
				FE0E7BEC2077102400952CE4 /* Assets.xcassets in Resources */,
				FEC0DE392075BC8F00D66A3F /* Main.storyboard in Resources */,
			);
			runOnlyForDeploymentPostprocessing = 0;
		};
/* End PBXResourcesBuildPhase section */

/* Begin PBXShellScriptBuildPhase section */
		41FB2747F15A130D0C53DA0A /* [CP] Embed Pods Frameworks */ = {
			isa = PBXShellScriptBuildPhase;
			buildActionMask = 2147483647;
			files = (
			);
			inputPaths = (
				"${SRCROOT}/Pods/Target Support Files/Pods-IOS_Weather/Pods-IOS_Weather-frameworks.sh",
				"${BUILT_PRODUCTS_DIR}/Alamofire/Alamofire.framework",
				"${BUILT_PRODUCTS_DIR}/AlamofireObjectMapper/AlamofireObjectMapper.framework",
				"${BUILT_PRODUCTS_DIR}/FMDB/FMDB.framework",
				"${BUILT_PRODUCTS_DIR}/NVActivityIndicatorView/NVActivityIndicatorView.framework",
				"${BUILT_PRODUCTS_DIR}/ObjectMapper/ObjectMapper.framework",
				"${BUILT_PRODUCTS_DIR}/SwiftyJSON/SwiftyJSON.framework",
			);
			name = "[CP] Embed Pods Frameworks";
			outputPaths = (
				"${TARGET_BUILD_DIR}/${FRAMEWORKS_FOLDER_PATH}/Alamofire.framework",
				"${TARGET_BUILD_DIR}/${FRAMEWORKS_FOLDER_PATH}/AlamofireObjectMapper.framework",
				"${TARGET_BUILD_DIR}/${FRAMEWORKS_FOLDER_PATH}/FMDB.framework",
				"${TARGET_BUILD_DIR}/${FRAMEWORKS_FOLDER_PATH}/NVActivityIndicatorView.framework",
				"${TARGET_BUILD_DIR}/${FRAMEWORKS_FOLDER_PATH}/ObjectMapper.framework",
				"${TARGET_BUILD_DIR}/${FRAMEWORKS_FOLDER_PATH}/SwiftyJSON.framework",
			);
			runOnlyForDeploymentPostprocessing = 0;
			shellPath = /bin/sh;
			shellScript = "\"${SRCROOT}/Pods/Target Support Files/Pods-IOS_Weather/Pods-IOS_Weather-frameworks.sh\"\n";
			showEnvVarsInLog = 0;
		};
		4AB9CDD0199D4E7AA69B9D5E /* [CP] Copy Pods Resources */ = {
			isa = PBXShellScriptBuildPhase;
			buildActionMask = 2147483647;
			files = (
			);
			inputPaths = (
				"${SRCROOT}/Pods/Target Support Files/Pods-IOS_Weather/Pods-IOS_Weather-resources.sh",
				"${PODS_ROOT}/GoogleMaps/Maps/Frameworks/GoogleMaps.framework/Resources/GoogleMaps.bundle",
				"${PODS_ROOT}/GooglePlaces/Frameworks/GooglePlaces.framework/Resources/GooglePlaces.bundle",
			);
			name = "[CP] Copy Pods Resources";
			outputPaths = (
				"${TARGET_BUILD_DIR}/${UNLOCALIZED_RESOURCES_FOLDER_PATH}/GoogleMaps.bundle",
				"${TARGET_BUILD_DIR}/${UNLOCALIZED_RESOURCES_FOLDER_PATH}/GooglePlaces.bundle",
			);
			runOnlyForDeploymentPostprocessing = 0;
			shellPath = /bin/sh;
			shellScript = "\"${SRCROOT}/Pods/Target Support Files/Pods-IOS_Weather/Pods-IOS_Weather-resources.sh\"\n";
			showEnvVarsInLog = 0;
		};
		BCFB278D36C75F64003B12D6 /* [CP] Check Pods Manifest.lock */ = {
			isa = PBXShellScriptBuildPhase;
			buildActionMask = 2147483647;
			files = (
			);
			inputPaths = (
				"${PODS_PODFILE_DIR_PATH}/Podfile.lock",
				"${PODS_ROOT}/Manifest.lock",
			);
			name = "[CP] Check Pods Manifest.lock";
			outputPaths = (
				"$(DERIVED_FILE_DIR)/Pods-IOS_Weather-checkManifestLockResult.txt",
			);
			runOnlyForDeploymentPostprocessing = 0;
			shellPath = /bin/sh;
			shellScript = "diff \"${PODS_PODFILE_DIR_PATH}/Podfile.lock\" \"${PODS_ROOT}/Manifest.lock\" > /dev/null\nif [ $? != 0 ] ; then\n    # print error to STDERR\n    echo \"error: The sandbox is not in sync with the Podfile.lock. Run 'pod install' or update your CocoaPods installation.\" >&2\n    exit 1\nfi\n# This output is used by Xcode 'outputs' to avoid re-running this script phase.\necho \"SUCCESS\" > \"${SCRIPT_OUTPUT_FILE_0}\"\n";
			showEnvVarsInLog = 0;
		};
		FE5F858F2075BEBC00959175 /* ShellScript */ = {
			isa = PBXShellScriptBuildPhase;
			buildActionMask = 2147483647;
			files = (
			);
			inputPaths = (
			);
			outputPaths = (
			);
			runOnlyForDeploymentPostprocessing = 0;
			shellPath = /bin/sh;
			shellScript = "\"${PODS_ROOT}/SwiftLint/swiftlint\"\n";
		};
/* End PBXShellScriptBuildPhase section */

/* Begin PBXSourcesBuildPhase section */
		FEC0DE2C2075BC8F00D66A3F /* Sources */ = {
			isa = PBXSourcesBuildPhase;
			buildActionMask = 2147483647;
			files = (
				FE0E7BCE207705E100952CE4 /* BaseModel.swift in Sources */,
				FE6CA5B3207F2CE700E71F87 /* URLs.swift in Sources */,
				FE6CA595207E720800E71F87 /* MainViewController.swift in Sources */,
				FE6CA594207E720800E71F87 /* SelectePlaceViewController.swift in Sources */,
				FE0E7BE72077063500952CE4 /* WeatherResponse.swift in Sources */,
				FE6CA592207E720800E71F87 /* DayWeatherTableViewCell.swift in Sources */,
				FE0E7BCF207705E100952CE4 /* DayWeather.swift in Sources */,
				FE0E7BE12077062100952CE4 /* ErrorResponse.swift in Sources */,
				FEC0DE342075BC8F00D66A3F /* AppDelegate.swift in Sources */,
				FE0E7BE02077062100952CE4 /* BaseResult.swift in Sources */,
				FE0E7BD92077061400952CE4 /* APIService.swift in Sources */,
				FE6CA59C207EEE4F00E71F87 /* PlaceDataBase.swift in Sources */,
				FE0E7BF02077159700952CE4 /* Daily.swift in Sources */,
				FE6CA5B4207F2CE700E71F87 /* Common.swift in Sources */,
				FE0E7BDA2077061400952CE4 /* CustomRequestAdapter.swift in Sources */,
				FE0E7BEE2077150100952CE4 /* Hourly.swift in Sources */,
				FE0E7BD0207705E100952CE4 /* Place.swift in Sources */,
				FE6CA590207E720800E71F87 /* HourWeatherCollectionViewCell.swift in Sources */,
				FE6CA593207E720800E71F87 /* PageViewController.swift in Sources */,
				FE6CA591207E720800E71F87 /* HistoryPlaceViewController.swift in Sources */,
				FE6CA5BB2080592500E71F87 /* PlaceDatabase.xcdatamodeld in Sources */,
				FEDF7828207C78AC006949AC /* Constant.swift in Sources */,
				FE8219C120843C5E00052F50 /* HistoryPlaceTableViewCell.swift in Sources */,
				FE0E7BE22077062100952CE4 /* BaseRequest.swift in Sources */,
				FEDF7825207B6C0F006949AC /* AlertViewController.swift in Sources */,
				FE0E7BFC20772DA900952CE4 /* BaseClassViewController.swift in Sources */,
				FE0E7BE62077063500952CE4 /* WeatherRequest.swift in Sources */,
				FE0E7BDF2077062100952CE4 /* BaseError.swift in Sources */,
				FE0E7BF420772B7600952CE4 /* PlaceRepositories.swift in Sources */,
				FE6CA60320805DD700E71F87 /* HandlingWeatherDatabase.swift in Sources */,
			);
			runOnlyForDeploymentPostprocessing = 0;
		};
/* End PBXSourcesBuildPhase section */

/* Begin PBXVariantGroup section */
		FEC0DE372075BC8F00D66A3F /* Main.storyboard */ = {
			isa = PBXVariantGroup;
			children = (
				FEC0DE382075BC8F00D66A3F /* Base */,
			);
			name = Main.storyboard;
			sourceTree = "<group>";
		};
		FEC0DE3C2075BC9100D66A3F /* LaunchScreen.storyboard */ = {
			isa = PBXVariantGroup;
			children = (
				FEC0DE3D2075BC9100D66A3F /* Base */,
			);
			name = LaunchScreen.storyboard;
			sourceTree = "<group>";
		};
/* End PBXVariantGroup section */

/* Begin XCBuildConfiguration section */
		FEC0DE402075BC9100D66A3F /* Debug */ = {
			isa = XCBuildConfiguration;
			buildSettings = {
				ALWAYS_SEARCH_USER_PATHS = NO;
				CLANG_ANALYZER_NONNULL = YES;
				CLANG_ANALYZER_NUMBER_OBJECT_CONVERSION = YES_AGGRESSIVE;
				CLANG_CXX_LANGUAGE_STANDARD = "gnu++14";
				CLANG_CXX_LIBRARY = "libc++";
				CLANG_ENABLE_MODULES = YES;
				CLANG_ENABLE_OBJC_ARC = YES;
				CLANG_ENABLE_OBJC_WEAK = YES;
				CLANG_WARN_BLOCK_CAPTURE_AUTORELEASING = YES;
				CLANG_WARN_BOOL_CONVERSION = YES;
				CLANG_WARN_COMMA = YES;
				CLANG_WARN_CONSTANT_CONVERSION = YES;
				CLANG_WARN_DEPRECATED_OBJC_IMPLEMENTATIONS = YES;
				CLANG_WARN_DIRECT_OBJC_ISA_USAGE = YES_ERROR;
				CLANG_WARN_DOCUMENTATION_COMMENTS = YES;
				CLANG_WARN_EMPTY_BODY = YES;
				CLANG_WARN_ENUM_CONVERSION = YES;
				CLANG_WARN_INFINITE_RECURSION = YES;
				CLANG_WARN_INT_CONVERSION = YES;
				CLANG_WARN_NON_LITERAL_NULL_CONVERSION = YES;
				CLANG_WARN_OBJC_IMPLICIT_RETAIN_SELF = YES;
				CLANG_WARN_OBJC_LITERAL_CONVERSION = YES;
				CLANG_WARN_OBJC_ROOT_CLASS = YES_ERROR;
				CLANG_WARN_RANGE_LOOP_ANALYSIS = YES;
				CLANG_WARN_STRICT_PROTOTYPES = YES;
				CLANG_WARN_SUSPICIOUS_MOVE = YES;
				CLANG_WARN_UNGUARDED_AVAILABILITY = YES_AGGRESSIVE;
				CLANG_WARN_UNREACHABLE_CODE = YES;
				CLANG_WARN__DUPLICATE_METHOD_MATCH = YES;
				CODE_SIGN_IDENTITY = "iPhone Developer";
				COPY_PHASE_STRIP = NO;
				DEBUG_INFORMATION_FORMAT = dwarf;
				ENABLE_STRICT_OBJC_MSGSEND = YES;
				ENABLE_TESTABILITY = YES;
				GCC_C_LANGUAGE_STANDARD = gnu11;
				GCC_DYNAMIC_NO_PIC = NO;
				GCC_NO_COMMON_BLOCKS = YES;
				GCC_OPTIMIZATION_LEVEL = 0;
				GCC_PREPROCESSOR_DEFINITIONS = (
					"DEBUG=1",
					"$(inherited)",
				);
				GCC_WARN_64_TO_32_BIT_CONVERSION = YES;
				GCC_WARN_ABOUT_RETURN_TYPE = YES_ERROR;
				GCC_WARN_UNDECLARED_SELECTOR = YES;
				GCC_WARN_UNINITIALIZED_AUTOS = YES_AGGRESSIVE;
				GCC_WARN_UNUSED_FUNCTION = YES;
				GCC_WARN_UNUSED_VARIABLE = YES;
				HEADER_SEARCH_PATHS = "\"${PODS_ROOT}/FMDB\"";
				IPHONEOS_DEPLOYMENT_TARGET = 11.3;
				MTL_ENABLE_DEBUG_INFO = YES;
				ONLY_ACTIVE_ARCH = YES;
				SDKROOT = iphoneos;
				SWIFT_ACTIVE_COMPILATION_CONDITIONS = DEBUG;
				SWIFT_OPTIMIZATION_LEVEL = "-Onone";
			};
			name = Debug;
		};
		FEC0DE412075BC9100D66A3F /* Release */ = {
			isa = XCBuildConfiguration;
			buildSettings = {
				ALWAYS_SEARCH_USER_PATHS = NO;
				CLANG_ANALYZER_NONNULL = YES;
				CLANG_ANALYZER_NUMBER_OBJECT_CONVERSION = YES_AGGRESSIVE;
				CLANG_CXX_LANGUAGE_STANDARD = "gnu++14";
				CLANG_CXX_LIBRARY = "libc++";
				CLANG_ENABLE_MODULES = YES;
				CLANG_ENABLE_OBJC_ARC = YES;
				CLANG_ENABLE_OBJC_WEAK = YES;
				CLANG_WARN_BLOCK_CAPTURE_AUTORELEASING = YES;
				CLANG_WARN_BOOL_CONVERSION = YES;
				CLANG_WARN_COMMA = YES;
				CLANG_WARN_CONSTANT_CONVERSION = YES;
				CLANG_WARN_DEPRECATED_OBJC_IMPLEMENTATIONS = YES;
				CLANG_WARN_DIRECT_OBJC_ISA_USAGE = YES_ERROR;
				CLANG_WARN_DOCUMENTATION_COMMENTS = YES;
				CLANG_WARN_EMPTY_BODY = YES;
				CLANG_WARN_ENUM_CONVERSION = YES;
				CLANG_WARN_INFINITE_RECURSION = YES;
				CLANG_WARN_INT_CONVERSION = YES;
				CLANG_WARN_NON_LITERAL_NULL_CONVERSION = YES;
				CLANG_WARN_OBJC_IMPLICIT_RETAIN_SELF = YES;
				CLANG_WARN_OBJC_LITERAL_CONVERSION = YES;
				CLANG_WARN_OBJC_ROOT_CLASS = YES_ERROR;
				CLANG_WARN_RANGE_LOOP_ANALYSIS = YES;
				CLANG_WARN_STRICT_PROTOTYPES = YES;
				CLANG_WARN_SUSPICIOUS_MOVE = YES;
				CLANG_WARN_UNGUARDED_AVAILABILITY = YES_AGGRESSIVE;
				CLANG_WARN_UNREACHABLE_CODE = YES;
				CLANG_WARN__DUPLICATE_METHOD_MATCH = YES;
				CODE_SIGN_IDENTITY = "iPhone Developer";
				COPY_PHASE_STRIP = NO;
				DEBUG_INFORMATION_FORMAT = "dwarf-with-dsym";
				ENABLE_NS_ASSERTIONS = NO;
				ENABLE_STRICT_OBJC_MSGSEND = YES;
				GCC_C_LANGUAGE_STANDARD = gnu11;
				GCC_NO_COMMON_BLOCKS = YES;
				GCC_WARN_64_TO_32_BIT_CONVERSION = YES;
				GCC_WARN_ABOUT_RETURN_TYPE = YES_ERROR;
				GCC_WARN_UNDECLARED_SELECTOR = YES;
				GCC_WARN_UNINITIALIZED_AUTOS = YES_AGGRESSIVE;
				GCC_WARN_UNUSED_FUNCTION = YES;
				GCC_WARN_UNUSED_VARIABLE = YES;
				HEADER_SEARCH_PATHS = "\"${PODS_ROOT}/FMDB\"";
				IPHONEOS_DEPLOYMENT_TARGET = 11.3;
				MTL_ENABLE_DEBUG_INFO = NO;
				SDKROOT = iphoneos;
				SWIFT_COMPILATION_MODE = wholemodule;
				SWIFT_OPTIMIZATION_LEVEL = "-O";
				VALIDATE_PRODUCT = YES;
			};
			name = Release;
		};
		FEC0DE432075BC9100D66A3F /* Debug */ = {
			isa = XCBuildConfiguration;
			baseConfigurationReference = FF216A0324F0051ACC3DFE3C /* Pods-IOS_Weather.debug.xcconfig */;
			buildSettings = {
				ASSETCATALOG_COMPILER_APPICON_NAME = AppIcon;
				CODE_SIGN_STYLE = Automatic;
				DEVELOPMENT_TEAM = MUXTYRF9J4;
				INFOPLIST_FILE = IOS_Weather/Info.plist;
				IPHONEOS_DEPLOYMENT_TARGET = 10.3;
				LD_RUNPATH_SEARCH_PATHS = (
					"$(inherited)",
					"@executable_path/Frameworks",
				);
				PRODUCT_BUNDLE_IDENTIFIER = "ThanhLong.IOS-Weather";
				PRODUCT_NAME = "$(TARGET_NAME)";
				SWIFT_VERSION = 4.0;
				TARGETED_DEVICE_FAMILY = "1,2";
			};
			name = Debug;
		};
		FEC0DE442075BC9100D66A3F /* Release */ = {
			isa = XCBuildConfiguration;
			baseConfigurationReference = CCC8BA3645CDDC515780D04C /* Pods-IOS_Weather.release.xcconfig */;
			buildSettings = {
				ASSETCATALOG_COMPILER_APPICON_NAME = AppIcon;
				CODE_SIGN_STYLE = Automatic;
				DEVELOPMENT_TEAM = MUXTYRF9J4;
				INFOPLIST_FILE = IOS_Weather/Info.plist;
				IPHONEOS_DEPLOYMENT_TARGET = 10.3;
				LD_RUNPATH_SEARCH_PATHS = (
					"$(inherited)",
					"@executable_path/Frameworks",
				);
				PRODUCT_BUNDLE_IDENTIFIER = "ThanhLong.IOS-Weather";
				PRODUCT_NAME = "$(TARGET_NAME)";
				SWIFT_VERSION = 4.0;
				TARGETED_DEVICE_FAMILY = "1,2";
			};
			name = Release;
		};
/* End XCBuildConfiguration section */

/* Begin XCConfigurationList section */
		FEC0DE2B2075BC8F00D66A3F /* Build configuration list for PBXProject "IOS_Weather" */ = {
			isa = XCConfigurationList;
			buildConfigurations = (
				FEC0DE402075BC9100D66A3F /* Debug */,
				FEC0DE412075BC9100D66A3F /* Release */,
			);
			defaultConfigurationIsVisible = 0;
			defaultConfigurationName = Release;
		};
		FEC0DE422075BC9100D66A3F /* Build configuration list for PBXNativeTarget "IOS_Weather" */ = {
			isa = XCConfigurationList;
			buildConfigurations = (
				FEC0DE432075BC9100D66A3F /* Debug */,
				FEC0DE442075BC9100D66A3F /* Release */,
			);
			defaultConfigurationIsVisible = 0;
			defaultConfigurationName = Release;
		};
/* End XCConfigurationList section */

/* Begin XCVersionGroup section */
		FE6CA5B92080592500E71F87 /* PlaceDatabase.xcdatamodeld */ = {
			isa = XCVersionGroup;
			children = (
				FE6CA5BA2080592500E71F87 /* PlaceDatabase.xcdatamodel */,
			);
			currentVersion = FE6CA5BA2080592500E71F87 /* PlaceDatabase.xcdatamodel */;
			path = PlaceDatabase.xcdatamodeld;
			sourceTree = "<group>";
			versionGroupType = wrapper.xcdatamodel;
		};
/* End XCVersionGroup section */
	};
	rootObject = FEC0DE282075BC8F00D66A3F /* Project object */;
}
